github.com/coreos/go-oidc/v3 v3.21.0 h1:wZo4Q9Pum8dYEj0eMUPrqR+kvuGkeUplbLpNCkBqoWM=
github.com/coreos/go-oidc/v3 v3.21.0/go.mod h1:DYCf24+ncYi+XkIH97GY1+dqoRlbaSI26KVTCI9SrY4=
github.com/digineo/xlog v1.1.0 h1:5TfjZMJGUvD2J3ykhjaddgEsaoTEuo2vXMT7fHAxrgo=
github.com/digineo/xlog v1.1.0/go.mod h1:OnVf+7gzhVctc8EhpDIs8/xZ39P81P6zjBcsYC3SFuA=
github.com/digineo/xlog/slogor v1.1.0 h1:ZNTtRfL0l3K5BTc1BL+dksPCab1f1WIx/+sZx3e9Xvo=
github.com/digineo/xlog/slogor v1.1.0/go.mod h1:Oh/kwjprTrMwy6xGnsLB8Ckxt9I73VPzaHa2M6+r0mE=
github.com/go-jose/go-jose/v4 v4.1.4 h1:moDMcTHmvE6Groj34emNPLs/qtYXRVcd6S7NHbHz3kA=
github.com/go-jose/go-jose/v4 v4.1.4/go.mod h1:x4oUasVrzR7071A4TnHLGSPpNOm2a21K9Kf04k1rs08=
github.com/mattn/go-isatty v0.0.24 h1:tGZZoVgT/KiqK1c8ocVLeDS8BSWMRd47J3Lbz7vsReI=
github.com/mattn/go-isatty v0.0.24/go.mod h1:nMCL3Zebbrt45jsMDgnfIwz6ydEQApk5oEI3HqDio6A=
github.com/stretchr/testify v1.12.1 h1:EuwCh5fleGS7H32xRwO3wRGT7DxrDhLAT6FF8MpWDWE=
github.com/stretchr/testify v1.12.1/go.mod h1:MDEgiDPPsNp5cuIrHPPCyornHKgEVbtFUmoNlxoYthg=
github.com/yuin/goldmark v1.8.6 h1:d0VcaP1sx9GkFVkoW+KtggpGi2KZ965i14b0+bDQST4=
github.com/yuin/goldmark v1.8.6/go.mod h1:ip/1k0VRfGynBgxOz0yCqHrbZXhcjxyuS66Brc7iBKg=
gitlab.com/greyxor/slogor v1.7.0 h1:dKNOO2HL5sJNx4lffYG9nJ30jPvHhpSK/dOOIBenrGU=
gitlab.com/greyxor/slogor v1.7.0/go.mod h1:dj+KdK0rtByCMcgKoKkKAFgWCTR/2lRTfyvfIkJle44=
go.etcd.io/bbolt v1.5.0 h1:S7GAl7Fxv12yohbwFfIbQCGDWbQbtDGPET4P/bD4lxU=
go.etcd.io/bbolt v1.5.0/go.mod h1:mkltfYE5aUHQxUct9N9V+Kp7aSjFqjgrhcXIS70Lrdk=
go.yaml.in/yaml/v3 v3.0.5 h1:N6y/pJk8buWs9NY5ERU2HSMfm+IuD/OtfdAnq6kESPw=
go.yaml.in/yaml/v3 v3.0.5/go.mod h1:HVTZu1O7/Vkt2N+BFy8Zza+lnLsABggaTM2ZpNIGuKg=
golang.org/x/crypto v0.57.0 h1:3ZVCjf8Ggz7zneR/EHRVx68Ctf+2pmIMP2UFhh9cC6M=
golang.org/x/crypto v0.57.0/go.mod h1:Fdz0i5U6CoizGwLda9DttjSk6qlZo25zYNtR+ycvuZA=
golang.org/x/oauth2 v0.37.0 h1:JUlcxA8oAtauLfiH8FX2/FkAWHAdi0QtGCGc+hofE98=
golang.org/x/oauth2 v0.37.0/go.mod h1:IxwZNxUULJmpBFf9K/9NTMSIfZZuvuTy1gGxhigP/58=
golang.org/x/sync v0.20.0 h1:e0PTpb7pjO8GAtTs2dQ6jYa5BWYlMuX047Dco/pItO4=
golang.org/x/sync v0.20.0/go.mod h1:9xrNwdLfx4jkKbNva9FpL6vEN7evnE43NNNJQ2LF3+0=
golang.org/x/sys v0.48.0 h1:bbX/i/6MgT9BVLM9RT1thmxL04yeTAhbEz4SyadbXoo=
golang.org/x/sys v0.48.0/go.mod h1:hNLxWAXmnKAxqDtdwIYC4bM9oQPEecfsnNMuSxOs3og=
golang.org/x/term v0.46.0 h1:3+OXuTbaKDgwk8jTi3aSLHRlmWqHEUDUtxnbFigO4YE=
golang.org/x/term v0.46.0/go.mod h1:+K02xbkittuwc0Am4abfA3Fc+XRGXkvBXNO88NCXPoc=
